// !$*UTF8*$!
{
	archiveVersion = 1;
	classes = {
	};
	objectVersion = 77;
	objects = {

/* Begin PBXBuildFile section */
		1E623B292D4A899400F1058E /* AEXML in Frameworks */ = {isa = PBXBuildFile; productRef = 1E623B282D4A899400F1058E /* AEXML */; };
		1E623B2C2D4A89AD00F1058E /* ZIPFoundation in Frameworks */ = {isa = PBXBuildFile; productRef = 1E623B2B2D4A89AD00F1058E /* ZIPFoundation */; };
		1ED28B842D4D3E1900B8C8CF /* EPUBKit in Frameworks */ = {isa = PBXBuildFile; productRef = 1ED28B832D4D3E1900B8C8CF /* EPUBKit */; };
		1ED28B872D4D51DE00B8C8CF /* SwiftSoup in Frameworks */ = {isa = PBXBuildFile; productRef = 1ED28B862D4D51DE00B8C8CF /* SwiftSoup */; };
/* End PBXBuildFile section */

/* Begin PBXContainerItemProxy section */
		1EF1ECFE2D519CAD00EEA371 /* PBXContainerItemProxy */ = {
			isa = PBXContainerItemProxy;
			containerPortal = 1E623AD32D400F9000F1058E /* Project object */;
			proxyType = 1;
			remoteGlobalIDString = 1E623ADA2D400F9000F1058E;
			remoteInfo = RunAndRead;
		};
/* End PBXContainerItemProxy section */

/* Begin PBXFileReference section */
		1E623ADB2D400F9000F1058E /* RunAndRead.app */ = {isa = PBXFileReference; explicitFileType = wrapper.application; includeInIndex = 0; path = RunAndRead.app; sourceTree = BUILT_PRODUCTS_DIR; };
		1EF1ECFA2D519CAD00EEA371 /* RunAndReadTests.xctest */ = {isa = PBXFileReference; explicitFileType = wrapper.cfbundle; includeInIndex = 0; path = RunAndReadTests.xctest; sourceTree = BUILT_PRODUCTS_DIR; };
/* End PBXFileReference section */

/* Begin PBXFileSystemSynchronizedBuildFileExceptionSet section */
		1E7528172D5080590080CCA0 /* Exceptions for "RunAndRead" folder in "RunAndRead" target */ = {
			isa = PBXFileSystemSynchronizedBuildFileExceptionSet;
			membershipExceptions = (
				Info.plist,
			);
			target = 1E623ADA2D400F9000F1058E /* RunAndRead */;
		};
/* End PBXFileSystemSynchronizedBuildFileExceptionSet section */

/* Begin PBXFileSystemSynchronizedRootGroup section */
		1E623ADD2D400F9000F1058E /* RunAndRead */ = {
			isa = PBXFileSystemSynchronizedRootGroup;
			exceptions = (
				1E7528172D5080590080CCA0 /* Exceptions for "RunAndRead" folder in "RunAndRead" target */,
			);
			path = RunAndRead;
			sourceTree = "<group>";
		};
		1EF1ECFB2D519CAD00EEA371 /* RunAndReadTests */ = {
			isa = PBXFileSystemSynchronizedRootGroup;
			path = RunAndReadTests;
			sourceTree = "<group>";
		};
/* End PBXFileSystemSynchronizedRootGroup section */

/* Begin PBXFrameworksBuildPhase section */
		1E623AD82D400F9000F1058E /* Frameworks */ = {
			isa = PBXFrameworksBuildPhase;
			buildActionMask = 2147483647;
			files = (
				1ED28B842D4D3E1900B8C8CF /* EPUBKit in Frameworks */,
				1ED28B872D4D51DE00B8C8CF /* SwiftSoup in Frameworks */,
				1E623B292D4A899400F1058E /* AEXML in Frameworks */,
				1E623B2C2D4A89AD00F1058E /* ZIPFoundation in Frameworks */,
			);
			runOnlyForDeploymentPostprocessing = 0;
		};
		1EF1ECF72D519CAD00EEA371 /* Frameworks */ = {
			isa = PBXFrameworksBuildPhase;
			buildActionMask = 2147483647;
			files = (
			);
			runOnlyForDeploymentPostprocessing = 0;
		};
/* End PBXFrameworksBuildPhase section */

/* Begin PBXGroup section */
		1E623AD22D400F9000F1058E = {
			isa = PBXGroup;
			children = (
				1E623ADD2D400F9000F1058E /* RunAndRead */,
				1EF1ECFB2D519CAD00EEA371 /* RunAndReadTests */,
				1E623ADC2D400F9000F1058E /* Products */,
			);
			sourceTree = "<group>";
		};
		1E623ADC2D400F9000F1058E /* Products */ = {
			isa = PBXGroup;
			children = (
				1E623ADB2D400F9000F1058E /* RunAndRead.app */,
				1EF1ECFA2D519CAD00EEA371 /* RunAndReadTests.xctest */,
			);
			name = Products;
			sourceTree = "<group>";
		};
/* End PBXGroup section */

/* Begin PBXNativeTarget section */
		1E623ADA2D400F9000F1058E /* RunAndRead */ = {
			isa = PBXNativeTarget;
			buildConfigurationList = 1E623AE92D400F9100F1058E /* Build configuration list for PBXNativeTarget "RunAndRead" */;
			buildPhases = (
				1E623AD72D400F9000F1058E /* Sources */,
				1E623AD82D400F9000F1058E /* Frameworks */,
				1E623AD92D400F9000F1058E /* Resources */,
			);
			buildRules = (
			);
			dependencies = (
			);
			fileSystemSynchronizedGroups = (
				1E623ADD2D400F9000F1058E /* RunAndRead */,
			);
			name = RunAndRead;
			packageProductDependencies = (
				1E623B282D4A899400F1058E /* AEXML */,
				1E623B2B2D4A89AD00F1058E /* ZIPFoundation */,
				1ED28B832D4D3E1900B8C8CF /* EPUBKit */,
				1ED28B862D4D51DE00B8C8CF /* SwiftSoup */,
			);
			productName = RunAndRead;
			productReference = 1E623ADB2D400F9000F1058E /* RunAndRead.app */;
			productType = "com.apple.product-type.application";
		};
		1EF1ECF92D519CAD00EEA371 /* RunAndReadTests */ = {
			isa = PBXNativeTarget;
			buildConfigurationList = 1EF1ED002D519CAD00EEA371 /* Build configuration list for PBXNativeTarget "RunAndReadTests" */;
			buildPhases = (
				1EF1ECF62D519CAD00EEA371 /* Sources */,
				1EF1ECF72D519CAD00EEA371 /* Frameworks */,
				1EF1ECF82D519CAD00EEA371 /* Resources */,
			);
			buildRules = (
			);
			dependencies = (
				1EF1ECFF2D519CAD00EEA371 /* PBXTargetDependency */,
			);
			fileSystemSynchronizedGroups = (
				1EF1ECFB2D519CAD00EEA371 /* RunAndReadTests */,
			);
			name = RunAndReadTests;
			packageProductDependencies = (
			);
			productName = RunAndReadTests;
			productReference = 1EF1ECFA2D519CAD00EEA371 /* RunAndReadTests.xctest */;
			productType = "com.apple.product-type.bundle.unit-test";
		};
/* End PBXNativeTarget section */

/* Begin PBXProject section */
		1E623AD32D400F9000F1058E /* Project object */ = {
			isa = PBXProject;
			attributes = {
				BuildIndependentTargetsInParallel = 1;
				LastSwiftUpdateCheck = 1620;
				LastUpgradeCheck = 1620;
				TargetAttributes = {
					1E623ADA2D400F9000F1058E = {
						CreatedOnToolsVersion = 16.2;
					};
					1EF1ECF92D519CAD00EEA371 = {
						CreatedOnToolsVersion = 16.2;
						TestTargetID = 1E623ADA2D400F9000F1058E;
					};
				};
			};
			buildConfigurationList = 1E623AD62D400F9000F1058E /* Build configuration list for PBXProject "RunAndRead" */;
			developmentRegion = en;
			hasScannedForEncodings = 0;
			knownRegions = (
				en,
				Base,
			);
			mainGroup = 1E623AD22D400F9000F1058E;
			minimizedProjectReferenceProxies = 1;
			packageReferences = (
				1E623B272D4A899400F1058E /* XCRemoteSwiftPackageReference "AEXML" */,
				1E623B2A2D4A89AD00F1058E /* XCRemoteSwiftPackageReference "ZIPFoundation" */,
				1ED28B822D4D3E1900B8C8CF /* XCRemoteSwiftPackageReference "EPUBKit" */,
				1ED28B852D4D51DE00B8C8CF /* XCRemoteSwiftPackageReference "SwiftSoup" */,
			);
			preferredProjectObjectVersion = 77;
			productRefGroup = 1E623ADC2D400F9000F1058E /* Products */;
			projectDirPath = "";
			projectRoot = "";
			targets = (
				1E623ADA2D400F9000F1058E /* RunAndRead */,
				1EF1ECF92D519CAD00EEA371 /* RunAndReadTests */,
			);
		};
/* End PBXProject section */

/* Begin PBXResourcesBuildPhase section */
		1E623AD92D400F9000F1058E /* Resources */ = {
			isa = PBXResourcesBuildPhase;
			buildActionMask = 2147483647;
			files = (
			);
			runOnlyForDeploymentPostprocessing = 0;
		};
		1EF1ECF82D519CAD00EEA371 /* Resources */ = {
			isa = PBXResourcesBuildPhase;
			buildActionMask = 2147483647;
			files = (
			);
			runOnlyForDeploymentPostprocessing = 0;
		};
/* End PBXResourcesBuildPhase section */

/* Begin PBXSourcesBuildPhase section */
		1E623AD72D400F9000F1058E /* Sources */ = {
			isa = PBXSourcesBuildPhase;
			buildActionMask = 2147483647;
			files = (
			);
			runOnlyForDeploymentPostprocessing = 0;
		};
		1EF1ECF62D519CAD00EEA371 /* Sources */ = {
			isa = PBXSourcesBuildPhase;
			buildActionMask = 2147483647;
			files = (
			);
			runOnlyForDeploymentPostprocessing = 0;
		};
/* End PBXSourcesBuildPhase section */

/* Begin PBXTargetDependency section */
		1EF1ECFF2D519CAD00EEA371 /* PBXTargetDependency */ = {
			isa = PBXTargetDependency;
			target = 1E623ADA2D400F9000F1058E /* RunAndRead */;
			targetProxy = 1EF1ECFE2D519CAD00EEA371 /* PBXContainerItemProxy */;
		};
/* End PBXTargetDependency section */

/* Begin XCBuildConfiguration section */
		1E623AE72D400F9100F1058E /* Debug */ = {
			isa = XCBuildConfiguration;
			buildSettings = {
				ALWAYS_SEARCH_USER_PATHS = NO;
				ASSETCATALOG_COMPILER_GENERATE_SWIFT_ASSET_SYMBOL_EXTENSIONS = YES;
				CLANG_ANALYZER_NONNULL = YES;
				CLANG_ANALYZER_NUMBER_OBJECT_CONVERSION = YES_AGGRESSIVE;
				CLANG_CXX_LANGUAGE_STANDARD = "gnu++20";
				CLANG_ENABLE_MODULES = YES;
				CLANG_ENABLE_OBJC_ARC = YES;
				CLANG_ENABLE_OBJC_WEAK = YES;
				CLANG_WARN_BLOCK_CAPTURE_AUTORELEASING = YES;
				CLANG_WARN_BOOL_CONVERSION = YES;
				CLANG_WARN_COMMA = YES;
				CLANG_WARN_CONSTANT_CONVERSION = YES;
				CLANG_WARN_DEPRECATED_OBJC_IMPLEMENTATIONS = YES;
				CLANG_WARN_DIRECT_OBJC_ISA_USAGE = YES_ERROR;
				CLANG_WARN_DOCUMENTATION_COMMENTS = YES;
				CLANG_WARN_EMPTY_BODY = YES;
				CLANG_WARN_ENUM_CONVERSION = YES;
				CLANG_WARN_INFINITE_RECURSION = YES;
				CLANG_WARN_INT_CONVERSION = YES;
				CLANG_WARN_NON_LITERAL_NULL_CONVERSION = YES;
				CLANG_WARN_OBJC_IMPLICIT_RETAIN_SELF = YES;
				CLANG_WARN_OBJC_LITERAL_CONVERSION = YES;
				CLANG_WARN_OBJC_ROOT_CLASS = YES_ERROR;
				CLANG_WARN_QUOTED_INCLUDE_IN_FRAMEWORK_HEADER = YES;
				CLANG_WARN_RANGE_LOOP_ANALYSIS = YES;
				CLANG_WARN_STRICT_PROTOTYPES = YES;
				CLANG_WARN_SUSPICIOUS_MOVE = YES;
				CLANG_WARN_UNGUARDED_AVAILABILITY = YES_AGGRESSIVE;
				CLANG_WARN_UNREACHABLE_CODE = YES;
				CLANG_WARN__DUPLICATE_METHOD_MATCH = YES;
				COPY_PHASE_STRIP = NO;
				DEBUG_INFORMATION_FORMAT = dwarf;
				ENABLE_STRICT_OBJC_MSGSEND = YES;
				ENABLE_TESTABILITY = YES;
				ENABLE_USER_SCRIPT_SANDBOXING = YES;
				GCC_C_LANGUAGE_STANDARD = gnu17;
				GCC_DYNAMIC_NO_PIC = NO;
				GCC_NO_COMMON_BLOCKS = YES;
				GCC_OPTIMIZATION_LEVEL = 0;
				GCC_PREPROCESSOR_DEFINITIONS = (
					"DEBUG=1",
					"$(inherited)",
				);
				GCC_WARN_64_TO_32_BIT_CONVERSION = YES;
				GCC_WARN_ABOUT_RETURN_TYPE = YES_ERROR;
				GCC_WARN_UNDECLARED_SELECTOR = YES;
				GCC_WARN_UNINITIALIZED_AUTOS = YES_AGGRESSIVE;
				GCC_WARN_UNUSED_FUNCTION = YES;
				GCC_WARN_UNUSED_VARIABLE = YES;
				IPHONEOS_DEPLOYMENT_TARGET = 18.2;
				LOCALIZATION_PREFERS_STRING_CATALOGS = YES;
				MTL_ENABLE_DEBUG_INFO = INCLUDE_SOURCE;
				MTL_FAST_MATH = YES;
				ONLY_ACTIVE_ARCH = YES;
				SDKROOT = iphoneos;
				SWIFT_ACTIVE_COMPILATION_CONDITIONS = "DEBUG $(inherited)";
				SWIFT_OPTIMIZATION_LEVEL = "-Onone";
			};
			name = Debug;
		};
		1E623AE82D400F9100F1058E /* Release */ = {
			isa = XCBuildConfiguration;
			buildSettings = {
				ALWAYS_SEARCH_USER_PATHS = NO;
				ASSETCATALOG_COMPILER_GENERATE_SWIFT_ASSET_SYMBOL_EXTENSIONS = YES;
				CLANG_ANALYZER_NONNULL = YES;
				CLANG_ANALYZER_NUMBER_OBJECT_CONVERSION = YES_AGGRESSIVE;
				CLANG_CXX_LANGUAGE_STANDARD = "gnu++20";
				CLANG_ENABLE_MODULES = YES;
				CLANG_ENABLE_OBJC_ARC = YES;
				CLANG_ENABLE_OBJC_WEAK = YES;
				CLANG_WARN_BLOCK_CAPTURE_AUTORELEASING = YES;
				CLANG_WARN_BOOL_CONVERSION = YES;
				CLANG_WARN_COMMA = YES;
				CLANG_WARN_CONSTANT_CONVERSION = YES;
				CLANG_WARN_DEPRECATED_OBJC_IMPLEMENTATIONS = YES;
				CLANG_WARN_DIRECT_OBJC_ISA_USAGE = YES_ERROR;
				CLANG_WARN_DOCUMENTATION_COMMENTS = YES;
				CLANG_WARN_EMPTY_BODY = YES;
				CLANG_WARN_ENUM_CONVERSION = YES;
				CLANG_WARN_INFINITE_RECURSION = YES;
				CLANG_WARN_INT_CONVERSION = YES;
				CLANG_WARN_NON_LITERAL_NULL_CONVERSION = YES;
				CLANG_WARN_OBJC_IMPLICIT_RETAIN_SELF = YES;
				CLANG_WARN_OBJC_LITERAL_CONVERSION = YES;
				CLANG_WARN_OBJC_ROOT_CLASS = YES_ERROR;
				CLANG_WARN_QUOTED_INCLUDE_IN_FRAMEWORK_HEADER = YES;
				CLANG_WARN_RANGE_LOOP_ANALYSIS = YES;
				CLANG_WARN_STRICT_PROTOTYPES = YES;
				CLANG_WARN_SUSPICIOUS_MOVE = YES;
				CLANG_WARN_UNGUARDED_AVAILABILITY = YES_AGGRESSIVE;
				CLANG_WARN_UNREACHABLE_CODE = YES;
				CLANG_WARN__DUPLICATE_METHOD_MATCH = YES;
				COPY_PHASE_STRIP = NO;
				DEBUG_INFORMATION_FORMAT = "dwarf-with-dsym";
				ENABLE_NS_ASSERTIONS = NO;
				ENABLE_STRICT_OBJC_MSGSEND = YES;
				ENABLE_USER_SCRIPT_SANDBOXING = YES;
				GCC_C_LANGUAGE_STANDARD = gnu17;
				GCC_NO_COMMON_BLOCKS = YES;
				GCC_WARN_64_TO_32_BIT_CONVERSION = YES;
				GCC_WARN_ABOUT_RETURN_TYPE = YES_ERROR;
				GCC_WARN_UNDECLARED_SELECTOR = YES;
				GCC_WARN_UNINITIALIZED_AUTOS = YES_AGGRESSIVE;
				GCC_WARN_UNUSED_FUNCTION = YES;
				GCC_WARN_UNUSED_VARIABLE = YES;
				IPHONEOS_DEPLOYMENT_TARGET = 18.2;
				LOCALIZATION_PREFERS_STRING_CATALOGS = YES;
				MTL_ENABLE_DEBUG_INFO = NO;
				MTL_FAST_MATH = YES;
				SDKROOT = iphoneos;
				SWIFT_COMPILATION_MODE = wholemodule;
				VALIDATE_PRODUCT = YES;
			};
			name = Release;
		};
		1E623AEA2D400F9100F1058E /* Debug */ = {
			isa = XCBuildConfiguration;
			buildSettings = {
				ASSETCATALOG_COMPILER_APPICON_NAME = AppIcon;
				ASSETCATALOG_COMPILER_GLOBAL_ACCENT_COLOR_NAME = AccentColor;
				CODE_SIGN_ENTITLEMENTS = RunAndRead/RunAndRead.entitlements;
				CODE_SIGN_IDENTITY = "Apple Development";
				CODE_SIGN_STYLE = Automatic;
				CURRENT_PROJECT_VERSION = 24;
				DEVELOPMENT_ASSET_PATHS = "\"RunAndRead/Preview Content\"";
				DEVELOPMENT_TEAM = 2ZHU68F9DV;
				ENABLE_PREVIEWS = YES;
				GENERATE_INFOPLIST_FILE = YES;
				INFOPLIST_FILE = RunAndRead/Info.plist;
				INFOPLIST_KEY_CFBundleDisplayName = "Run & Read";
				INFOPLIST_KEY_LSApplicationCategoryType = "public.app-category.lifestyle";
				INFOPLIST_KEY_LSSupportsOpeningDocumentsInPlace = YES;
				INFOPLIST_KEY_UIApplicationSceneManifest_Generation = YES;
				INFOPLIST_KEY_UIApplicationSupportsIndirectInputEvents = YES;
				INFOPLIST_KEY_UILaunchScreen_Generation = YES;
				INFOPLIST_KEY_UISupportedInterfaceOrientations = UIInterfaceOrientationPortrait;
				INFOPLIST_KEY_UISupportedInterfaceOrientations_iPad = "UIInterfaceOrientationLandscapeLeft UIInterfaceOrientationLandscapeRight UIInterfaceOrientationPortrait UIInterfaceOrientationPortraitUpsideDown";
				IPHONEOS_DEPLOYMENT_TARGET = 16.6;
				LD_RUNPATH_SEARCH_PATHS = (
					"$(inherited)",
					"@executable_path/Frameworks",
				);
				MARKETING_VERSION = 2.1;
				PRODUCT_BUNDLE_IDENTIFIER = com.answers.runandread.RunAndRead;
				PRODUCT_NAME = "$(TARGET_NAME)";
				PROVISIONING_PROFILE_SPECIFIER = "";
				SWIFT_EMIT_LOC_STRINGS = YES;
				SWIFT_VERSION = 5.0;
				TARGETED_DEVICE_FAMILY = "1,2";
			};
			name = Debug;
		};
		1E623AEB2D400F9100F1058E /* Release */ = {
			isa = XCBuildConfiguration;
			buildSettings = {
				ASSETCATALOG_COMPILER_APPICON_NAME = AppIcon;
				ASSETCATALOG_COMPILER_GLOBAL_ACCENT_COLOR_NAME = AccentColor;
				CODE_SIGN_ENTITLEMENTS = RunAndRead/RunAndRead.entitlements;
				CODE_SIGN_IDENTITY = "Apple Development";
				CODE_SIGN_STYLE = Automatic;
				CURRENT_PROJECT_VERSION = 24;
				DEVELOPMENT_ASSET_PATHS = "\"RunAndRead/Preview Content\"";
				DEVELOPMENT_TEAM = 2ZHU68F9DV;
				ENABLE_PREVIEWS = YES;
				GENERATE_INFOPLIST_FILE = YES;
				INFOPLIST_FILE = RunAndRead/Info.plist;
				INFOPLIST_KEY_CFBundleDisplayName = "Run & Read";
				INFOPLIST_KEY_LSApplicationCategoryType = "public.app-category.lifestyle";
				INFOPLIST_KEY_LSSupportsOpeningDocumentsInPlace = YES;
				INFOPLIST_KEY_UIApplicationSceneManifest_Generation = YES;
				INFOPLIST_KEY_UIApplicationSupportsIndirectInputEvents = YES;
				INFOPLIST_KEY_UILaunchScreen_Generation = YES;
				INFOPLIST_KEY_UISupportedInterfaceOrientations = UIInterfaceOrientationPortrait;
				INFOPLIST_KEY_UISupportedInterfaceOrientations_iPad = "UIInterfaceOrientationLandscapeLeft UIInterfaceOrientationLandscapeRight UIInterfaceOrientationPortrait UIInterfaceOrientationPortraitUpsideDown";
				IPHONEOS_DEPLOYMENT_TARGET = 16.6;
				LD_RUNPATH_SEARCH_PATHS = (
					"$(inherited)",
					"@executable_path/Frameworks",
				);
				MARKETING_VERSION = 2.1;
				PRODUCT_BUNDLE_IDENTIFIER = com.answers.runandread.RunAndRead;
				PRODUCT_NAME = "$(TARGET_NAME)";
				PROVISIONING_PROFILE_SPECIFIER = "";
				SWIFT_EMIT_LOC_STRINGS = YES;
				SWIFT_VERSION = 5.0;
				TARGETED_DEVICE_FAMILY = "1,2";
			};
			name = Release;
		};
		1EF1ED012D519CAD00EEA371 /* Debug */ = {
			isa = XCBuildConfiguration;
			buildSettings = {
				BUNDLE_LOADER = "$(TEST_HOST)";
				CODE_SIGN_STYLE = Automatic;
				CURRENT_PROJECT_VERSION = 1;
				DEVELOPMENT_TEAM = 2ZHU68F9DV;
				GENERATE_INFOPLIST_FILE = YES;
				IPHONEOS_DEPLOYMENT_TARGET = 16.6;
				MARKETING_VERSION = 1.0;
				PRODUCT_BUNDLE_IDENTIFIER = com.answers.runandread.RunAndReadTests;
				PRODUCT_NAME = "$(TARGET_NAME)";
				SWIFT_EMIT_LOC_STRINGS = NO;
				SWIFT_VERSION = 5.0;
				TARGETED_DEVICE_FAMILY = "1,2";
				TEST_HOST = "$(BUILT_PRODUCTS_DIR)/RunAndRead.app/$(BUNDLE_EXECUTABLE_FOLDER_PATH)/RunAndRead";
			};
			name = Debug;
		};
		1EF1ED022D519CAD00EEA371 /* Release */ = {
			isa = XCBuildConfiguration;
			buildSettings = {
				BUNDLE_LOADER = "$(TEST_HOST)";
				CODE_SIGN_STYLE = Automatic;
				CURRENT_PROJECT_VERSION = 1;
				DEVELOPMENT_TEAM = 2ZHU68F9DV;
				GENERATE_INFOPLIST_FILE = YES;
				IPHONEOS_DEPLOYMENT_TARGET = 16.6;
				MARKETING_VERSION = 1.0;
				PRODUCT_BUNDLE_IDENTIFIER = com.answers.runandread.RunAndReadTests;
				PRODUCT_NAME = "$(TARGET_NAME)";
				SWIFT_EMIT_LOC_STRINGS = NO;
				SWIFT_VERSION = 5.0;
				TARGETED_DEVICE_FAMILY = "1,2";
				TEST_HOST = "$(BUILT_PRODUCTS_DIR)/RunAndRead.app/$(BUNDLE_EXECUTABLE_FOLDER_PATH)/RunAndRead";
			};
			name = Release;
		};
/* End XCBuildConfiguration section */

/* Begin XCConfigurationList section */
		1E623AD62D400F9000F1058E /* Build configuration list for PBXProject "RunAndRead" */ = {
			isa = XCConfigurationList;
			buildConfigurations = (
				1E623AE72D400F9100F1058E /* Debug */,
				1E623AE82D400F9100F1058E /* Release */,
			);
			defaultConfigurationIsVisible = 0;
			defaultConfigurationName = Release;
		};
		1E623AE92D400F9100F1058E /* Build configuration list for PBXNativeTarget "RunAndRead" */ = {
			isa = XCConfigurationList;
			buildConfigurations = (
				1E623AEA2D400F9100F1058E /* Debug */,
				1E623AEB2D400F9100F1058E /* Release */,
			);
			defaultConfigurationIsVisible = 0;
			defaultConfigurationName = Release;
		};
		1EF1ED002D519CAD00EEA371 /* Build configuration list for PBXNativeTarget "RunAndReadTests" */ = {
			isa = XCConfigurationList;
			buildConfigurations = (
				1EF1ED012D519CAD00EEA371 /* Debug */,
				1EF1ED022D519CAD00EEA371 /* Release */,
			);
			defaultConfigurationIsVisible = 0;
			defaultConfigurationName = Release;
		};
/* End XCConfigurationList section */

/* Begin XCRemoteSwiftPackageReference section */
		1E623B272D4A899400F1058E /* XCRemoteSwiftPackageReference "AEXML" */ = {
			isa = XCRemoteSwiftPackageReference;
			repositoryURL = "https://github.com/tadija/AEXML.git";
			requirement = {
				kind = upToNextMajorVersion;
				minimumVersion = 4.7.0;
			};
		};
		1E623B2A2D4A89AD00F1058E /* XCRemoteSwiftPackageReference "ZIPFoundation" */ = {
			isa = XCRemoteSwiftPackageReference;
			repositoryURL = "https://github.com/weichsel/ZIPFoundation.git";
			requirement = {
				kind = upToNextMajorVersion;
				minimumVersion = 0.9.19;
			};
		};
		1ED28B822D4D3E1900B8C8CF /* XCRemoteSwiftPackageReference "EPUBKit" */ = {
			isa = XCRemoteSwiftPackageReference;
			repositoryURL = "https://github.com/witekbobrowski/EPUBKit.git";
			requirement = {
				kind = upToNextMajorVersion;
				minimumVersion = 0.4.0;
			};
		};
		1ED28B852D4D51DE00B8C8CF /* XCRemoteSwiftPackageReference "SwiftSoup" */ = {
			isa = XCRemoteSwiftPackageReference;
			repositoryURL = "https://github.com/scinfu/SwiftSoup";
			requirement = {
				kind = upToNextMajorVersion;
				minimumVersion = 2.7.7;
			};
		};
/* End XCRemoteSwiftPackageReference section */

/* Begin XCSwiftPackageProductDependency section */
		1E623B282D4A899400F1058E /* AEXML */ = {
			isa = XCSwiftPackageProductDependency;
			package = 1E623B272D4A899400F1058E /* XCRemoteSwiftPackageReference "AEXML" */;
			productName = AEXML;
		};
		1E623B2B2D4A89AD00F1058E /* ZIPFoundation */ = {
			isa = XCSwiftPackageProductDependency;
			package = 1E623B2A2D4A89AD00F1058E /* XCRemoteSwiftPackageReference "ZIPFoundation" */;
			productName = ZIPFoundation;
		};
		1ED28B832D4D3E1900B8C8CF /* EPUBKit */ = {
			isa = XCSwiftPackageProductDependency;
			package = 1ED28B822D4D3E1900B8C8CF /* XCRemoteSwiftPackageReference "EPUBKit" */;
			productName = EPUBKit;
		};
		1ED28B862D4D51DE00B8C8CF /* SwiftSoup */ = {
			isa = XCSwiftPackageProductDependency;
			package = 1ED28B852D4D51DE00B8C8CF /* XCRemoteSwiftPackageReference "SwiftSoup" */;
			productName = SwiftSoup;
		};
/* End XCSwiftPackageProductDependency section */
	};
	rootObject = 1E623AD32D400F9000F1058E /* Project object */;
}
